{
  "version": "2",
  "remote": {
    "https://cdn.skypack.dev/-/@octokit/auth-token@v2.5.0-63e6RmuUEnR1eflFvHL4/dist=es2019,mode=imports/optimized/@octokit/auth-token.js": "5247df74f0bd63d994d1ab5b52265761cf2eb1b67f12171a030ebef4027d5eb6",
    "https://cdn.skypack.dev/-/@octokit/core@v3.6.0-OHRgZVmYvb8jBujJr5vE/dist=es2019,mode=imports/optimized/@octokit/core.js": "a1f82f18dccc5b09d753690a8addd839e4fe0b5a6f6831b17437f136c8921db3",
    "https://cdn.skypack.dev/-/@octokit/endpoint@v6.0.12-uRrGy3NGbXOw4pbkNPpd/dist=es2019,mode=imports/optimized/@octokit/endpoint.js": "c446189a38ca8fad5137feec7ec6c16b9964783e8563a007894e459d56844dc9",
    "https://cdn.skypack.dev/-/@octokit/graphql@v4.8.0-EbMgAhtBEVS5THey9fbY/dist=es2019,mode=imports/optimized/@octokit/graphql.js": "334633396812283703411d0edc56f5cef3b5eff80eeb3d2a1a6878d2cf445dc6",
    "https://cdn.skypack.dev/-/@octokit/request-error@v2.1.0-eEdMdUdHjpMHPFvA4aCp/dist=es2019,mode=imports/optimized/@octokit/request-error.js": "72409dbe6dabfeed08701e925eb837aa7965c58cdeed3dcedd345d0037965837",
    "https://cdn.skypack.dev/-/@octokit/request@v5.6.3-8MiyZSoy8B73C1K9nYC8/dist=es2019,mode=imports/optimized/@octokit/request.js": "f118ddba5422f667538941a8e18870e5faf9066dd235c0548f539bc555f0b0b3",
    "https://cdn.skypack.dev/-/before-after-hook@v2.2.2-pi5OVaqfPuA5i8u2q0Od/dist=es2019,mode=imports/optimized/before-after-hook.js": "d8dc01095d8c3892f00eafc8a9a6ccdcad3502aa91bbdbcf575916ab203e08f4",
    "https://cdn.skypack.dev/-/deprecation@v2.3.1-uvOjAQiALAZPHmrlznlP/dist=es2019,mode=imports/optimized/deprecation.js": "193048b24ad63bc08fa2acbc65df7b57ddd8421aec8abf378e38e6978b5c0b33",
    "https://cdn.skypack.dev/-/is-plain-object@v5.0.0-8mrVMp9y5RYdpZYGe1Tt/dist=es2019,mode=imports/optimized/is-plain-object.js": "c3fcee678ef371dba4c260b766215ad645777e698f6f857738b6c4b98ad34b93",
    "https://cdn.skypack.dev/-/once@v1.4.0-dZva3nt1fLBY6vpXF5Hj/dist=es2019,mode=imports/optimized/once.js": "2ecef4cecb6b0f4aec108af8e23b1d23304494bea8fc569464a6c2a11fda6486",
    "https://cdn.skypack.dev/-/universal-user-agent@v6.0.0-fUAPE3UH5QP7qG0fd0dH/dist=es2019,mode=imports/optimized/universal-user-agent.js": "24df9219684b303ca065c02733e601d11b3ed63a35ec8e473094006d65f6ded9",
    "https://cdn.skypack.dev/-/wrappy@v1.0.2-e8nLh7Qms0NRhbAbUpJP/dist=es2019,mode=imports/optimized/wrappy.js": "01dc1f36207f5400dad37bac2acddb2de0466953f289b8c84b7100e8b160fbb2",
    "https://cdn.skypack.dev/@octokit/core@^3.5.1": "7a987f1931a3102f29bb54a0ee09a9d4c99555e6a4cae98dd1e0127c9929dd36",
    "https://deno.land/std@0.106.0/_util/assert.ts": "2f868145a042a11d5ad0a3c748dcf580add8a0dbc0e876eaa0026303a5488f58",
    "https://deno.land/std@0.106.0/datetime/formatter.ts": "bf7befcd2c55c3060be199ebc10e40f9c33aef6141c20f7c781d03beef25a49e",
    "https://deno.land/std@0.106.0/datetime/mod.ts": "06cf1d9813a686d8e71a489b07794976ea43c09b7b3d1d76b45ff19bcc715684",
    "https://deno.land/std@0.106.0/datetime/tokenizer.ts": "492bb6251e75e0c03d5a89a66bd2b03e08e9cbc298d51e002cf59378aaa32c48",
    "https://deno.land/std@0.106.0/flags/mod.ts": "35b36f1869ebd8da25764191d865dd162631ba8d02ff7459d9e4058fc1e491a3",
    "https://deno.land/std@0.170.0/_util/asserts.ts": "d0844e9b62510f89ce1f9878b046f6a57bf88f208a10304aab50efcb48365272",
    "https://deno.land/std@0.170.0/_util/os.ts": "8a33345f74990e627b9dfe2de9b040004b08ea5146c7c9e8fe9a29070d193934",
    "https://deno.land/std@0.170.0/collections/_utils.ts": "fd759867be7a0047a1fa89ec89f7b58ebe3f2f7f089a8f4e416eb30c5d764868",
    "https://deno.land/std@0.170.0/collections/distinct.ts": "278a5b36d7cbb2f8a25e09039064ac7894656e03d25860c58ac1735353fc2898",
    "https://deno.land/std@0.170.0/collections/filter_values.ts": "3f19ad44dce3a5e2430c47759d0068d6cef44a186a554da1c28ef27448bf7dfc",
    "https://deno.land/std@0.170.0/collections/group_by.ts": "ce8057c75d640491c0c81e0a6ce5524a8c0af00977a445ca5dbde24e4371d109",
    "https://deno.land/std@0.170.0/collections/intersect.ts": "ef17759a1db7dad6935426b238c78aa3b522e53f84f843f8054399d20733ae7e",
    "https://deno.land/std@0.170.0/collections/min_of.ts": "39f3978c6e9a9f2a1344bfd7f90b715759df3071cbe93b228db7e2e167d955a8",
    "https://deno.land/std@0.170.0/collections/without_all.ts": "d0adc99202b5b23d38fc7733410f84ae0b1af5fbf2ca2ce7cf184ffe36b599be",
    "https://deno.land/std@0.170.0/dotenv/mod.ts": "c6a7804fe59ae566cb2bebc11829f717d840cd498a339131ffeafb9fbbea94e6",
    "https://deno.land/std@0.170.0/encoding/base64.ts": "8605e018e49211efc767686f6f687827d7f5fd5217163e981d8d693105640d7a",
    "https://deno.land/std@0.170.0/fmt/colors.ts": "03ad95e543d2808bc43c17a3dd29d25b43d0f16287fe562a0be89bf632454a12",
    "https://deno.land/std@0.170.0/path/_constants.ts": "df1db3ffa6dd6d1252cc9617e5d72165cd2483df90e93833e13580687b6083c3",
    "https://deno.land/std@0.170.0/path/_interface.ts": "ee3b431a336b80cf445441109d089b70d87d5e248f4f90ff906820889ecf8d09",
    "https://deno.land/std@0.170.0/path/_util.ts": "d16be2a16e1204b65f9d0dfc54a9bc472cafe5f4a190b3c8471ec2016ccd1677",
    "https://deno.land/std@0.170.0/path/common.ts": "bee563630abd2d97f99d83c96c2fa0cca7cee103e8cb4e7699ec4d5db7bd2633",
    "https://deno.land/std@0.170.0/path/glob.ts": "81cc6c72be002cd546c7a22d1f263f82f63f37fe0035d9726aa96fc8f6e4afa1",
    "https://deno.land/std@0.170.0/path/mod.ts": "cf7cec7ac11b7048bb66af8ae03513e66595c279c65cfa12bfc07d9599608b78",
    "https://deno.land/std@0.170.0/path/posix.ts": "b859684bc4d80edfd4cad0a82371b50c716330bed51143d6dcdbe59e6278b30c",
    "https://deno.land/std@0.170.0/path/separator.ts": "fe1816cb765a8068afb3e8f13ad272351c85cbc739af56dacfc7d93d710fe0f9",
    "https://deno.land/std@0.170.0/path/win32.ts": "7cebd2bda6657371adc00061a1d23fdd87bcdf64b4843bb148b0b24c11b40f69",
    "https://deno.land/std@0.170.0/semver/mod.ts": "7bff23d6165f0f3d3ea9a165afdb3e0c761acb335012f050ab21575c84828b76",
    "https://deno.land/std@0.173.0/collections/_utils.ts": "5114abc026ddef71207a79609b984614e66a63a4bda17d819d56b0e72c51527e",
    "https://deno.land/std@0.173.0/collections/intersect.ts": "cfe4a305b69a2ee1fedb29a08c412a36145326788c702526ab69f01c1b4b6c65",
    "https://deno.land/std@0.173.0/fmt/colors.ts": "938c5d44d889fb82eff6c358bea8baa7e85950a16c9f6dae3ec3a7a729164471",
    "https://deno.land/std@0.173.0/semver/mod.ts": "80acd488589001b15542847663101142fb251729a8c902ae60d66427a4a9eae1",
    "https://deno.land/std@0.173.0/testing/_diff.ts": "1a3c044aedf77647d6cac86b798c6417603361b66b54c53331b312caeb447aea",
    "https://deno.land/std@0.173.0/testing/_format.ts": "a69126e8a469009adf4cf2a50af889aca364c349797e63174884a52ff75cf4c7",
    "https://deno.land/std@0.173.0/testing/asserts.ts": "984ab0bfb3faeed92ffaa3a6b06536c66811185328c5dd146257c702c41b01ab",
    "https://deno.land/std@0.175.0/_util/asserts.ts": "178dfc49a464aee693a7e285567b3d0b555dc805ff490505a8aae34f9cfb1462",
    "https://deno.land/std@0.175.0/_util/os.ts": "d932f56d41e4f6a6093d56044e29ce637f8dcc43c5a90af43504a889cf1775e3",
    "https://deno.land/std@0.175.0/async/abortable.ts": "73acfb3ed7261ce0d930dbe89e43db8d34e017b063cf0eaa7d215477bf53442e",
    "https://deno.land/std@0.175.0/async/deadline.ts": "b98e50d2c42399af03ad13bbb8cf59dadb9f0cd5d70648cc0c3b9202d75ab565",
    "https://deno.land/std@0.175.0/async/debounce.ts": "adab11d04ca38d699444ac8a9d9856b4155e8dda2afd07ce78276c01ea5a4332",
    "https://deno.land/std@0.175.0/async/deferred.ts": "42790112f36a75a57db4a96d33974a936deb7b04d25c6084a9fa8a49f135def8",
    "https://deno.land/std@0.175.0/async/delay.ts": "73aa04cec034c84fc748c7be49bb15cac3dd43a57174bfdb7a4aec22c248f0dd",
    "https://deno.land/std@0.175.0/async/mod.ts": "f04344fa21738e5ad6bea37a6bfffd57c617c2d372bb9f9dcfd118a1b622e576",
    "https://deno.land/std@0.175.0/async/mux_async_iterator.ts": "70c7f2ee4e9466161350473ad61cac0b9f115cff4c552eaa7ef9d50c4cbb4cc9",
    "https://deno.land/std@0.175.0/async/pool.ts": "fd082bd4aaf26445909889435a5c74334c017847842ec035739b4ae637ae8260",
    "https://deno.land/std@0.175.0/async/retry.ts": "5efa3ba450ac0c07a40a82e2df296287b5013755d232049efd7ea2244f15b20f",
    "https://deno.land/std@0.175.0/async/tee.ts": "47e42d35f622650b02234d43803d0383a89eb4387e1b83b5a40106d18ae36757",
    "https://deno.land/std@0.175.0/bytes/index_of_needle.ts": "65c939607df609374c4415598fa4dad04a2f14c4d98cd15775216f0aaf597f24",
    "https://deno.land/std@0.175.0/crypto/timing_safe_equal.ts": "8d69ab611c67fe51b6127d97fcfb4d8e7d0e1b6b4f3e0cc4ab86744c3691f965",
    "https://deno.land/std@0.175.0/encoding/base64.ts": "7de04c2f8aeeb41453b09b186480be90f2ff357613b988e99fabb91d2eeceba1",
    "https://deno.land/std@0.175.0/encoding/base64url.ts": "3f1178f6446834457b16bfde8b559c1cd3481727fe384d3385e4a9995dc2d851",
    "https://deno.land/std@0.175.0/flags/mod.ts": "d1cdefa18472ef69858a17df5cf7c98445ed27ac10e1460183081303b0ebc270",
    "https://deno.land/std@0.175.0/node/_core.ts": "32a72a2166688d0051db7771e76af823d87a19e84ed073604a0bf4fa2706403f",
    "https://deno.land/std@0.175.0/node/_events.d.ts": "1347437fd6b084d7c9a4e16b9fe7435f00b030970086482edeeb3b179d0775af",
    "https://deno.land/std@0.175.0/node/_events.mjs": "d4ba4e629abe3db9f1b14659fd5c282b7da8b2b95eaf13238eee4ebb142a2448",
    "https://deno.land/std@0.175.0/node/_global.d.ts": "2d88342f38b4083b858998e27c706725fb03a74aa14ef8d985dc18438b5188e4",
    "https://deno.land/std@0.175.0/node/_next_tick.ts": "9a3cf107d59b019a355d3cf32275b4c6157282e4b68ea85b46a799cb1d379305",
    "https://deno.land/std@0.175.0/node/_process/exiting.ts": "6e336180aaabd1192bf99ffeb0d14b689116a3dec1dfb34a2afbacd6766e98ab",
    "https://deno.land/std@0.175.0/node/_process/process.ts": "c96bb1f6253824c372f4866ee006dcefda02b7050d46759736e403f862d91051",
    "https://deno.land/std@0.175.0/node/_process/stdio.mjs": "cf17727eac8da3a665851df700b5aca6a12bacc3ebbf33e63e4b919f80ba44a6",
    "https://deno.land/std@0.175.0/node/_process/streams.mjs": "c1461c4dbf963a93a0ca8233467573a685bbde347562573761cc9435fd7080f6",
    "https://deno.land/std@0.175.0/node/_stream.d.ts": "112e1a0677cd6db932c3ce0e6e5bbdc7a2ac1874572f449044ecc82afcf5ee2e",
    "https://deno.land/std@0.175.0/node/_stream.mjs": "d6e2c86c1158ac65b4c2ca4fa019d7e84374ff12e21e2175345fe68c0823efe3",
    "https://deno.land/std@0.175.0/node/_utils.ts": "7fd55872a0cf9275e3c080a60e2fa6d45b8de9e956ebcde9053e72a344185884",
    "https://deno.land/std@0.175.0/node/buffer.ts": "85617be2063eccaf177dbb84c7580d1e32023724ed14bd9df4e453b152a26167",
    "https://deno.land/std@0.175.0/node/events.ts": "d2de352d509de11a375e2cb397d6b98f5fed4e562fc1d41be33214903a38e6b0",
    "https://deno.land/std@0.175.0/node/internal/buffer.d.ts": "bdfa991cd88cb02fd08bf8235d2618550e3e511c970b2a8f2e1a6885a2793cac",
    "https://deno.land/std@0.175.0/node/internal/buffer.mjs": "e92303a3cc6d9aaabcd270a937ad9319825d9ba08cb332650944df4562029b27",
    "https://deno.land/std@0.175.0/node/internal/crypto/_keys.ts": "8f3c3b5a141aa0331a53c205e9338655f1b3b307a08085fd6ff6dda6f7c4190b",
    "https://deno.land/std@0.175.0/node/internal/crypto/constants.ts": "544d605703053218499b08214f2e25cf4310651d535b7ab995891c4b7a217693",
    "https://deno.land/std@0.175.0/node/internal/error_codes.ts": "8495e33f448a484518d76fa3d41d34fc20fe03c14b30130ad8e936b0035d4b8b",
    "https://deno.land/std@0.175.0/node/internal/errors.ts": "1c699b8a3cb93174f697a348c004b1c6d576b66688eac8a48ebb78e65c720aae",
    "https://deno.land/std@0.175.0/node/internal/fixed_queue.ts": "62bb119afa5b5ae8fc0c7048b50502347bec82e2588017d0b250c4671d6eff8f",
    "https://deno.land/std@0.175.0/node/internal/hide_stack_frames.ts": "9dd1bad0a6e62a1042ce3a51eb1b1ecee2f246907bff44835f86e8f021de679a",
    "https://deno.land/std@0.175.0/node/internal/net.ts": "5538d31b595ac63d4b3e90393168bc65ace2f332c3317cffa2fd780070b2d86c",
    "https://deno.land/std@0.175.0/node/internal/normalize_encoding.mjs": "fd1d9df61c44d7196432f6e8244621468715131d18cc79cd299fc78ac549f707",
    "https://deno.land/std@0.175.0/node/internal/options.ts": "888f267c3fe8f18dc7b2f2fbdbe7e4a0fd3302ff3e99f5d6645601e924f3e3fb",
    "https://deno.land/std@0.175.0/node/internal/primordials.mjs": "a72d86b5aa55d3d50b8e916b6a59b7cc0dc5a31da8937114b4a113ad5aa08c74",
    "https://deno.land/std@0.175.0/node/internal/process/per_thread.mjs": "10142bbb13978c2f8f79778ad90f3a67a8ea6d8d2970f3dfc6bf2c6fff0162a2",
    "https://deno.land/std@0.175.0/node/internal/readline/callbacks.mjs": "bdb129b140c3b21b5e08cdc3d8e43517ad818ac03f75197338d665cca1cbaed3",
    "https://deno.land/std@0.175.0/node/internal/readline/utils.mjs": "c3dbf3a97c01ed14052cca3848f09e2fc24818c1822ceed57c33b9f0840f3b87",
    "https://deno.land/std@0.175.0/node/internal/streams/destroy.mjs": "b665fc71178919a34ddeac8389d162a81b4bc693ff7dc2557fa41b3a91011967",
    "https://deno.land/std@0.175.0/node/internal/streams/end-of-stream.mjs": "a4fb1c2e32d58dff440d4e716e2c4daaa403b3095304a028bb428575cfeed716",
    "https://deno.land/std@0.175.0/node/internal/streams/utils.mjs": "f2fe2e6bdc506da24c758970890cc2a21642045b129dee618bd3827c60dd9e33",
    "https://deno.land/std@0.175.0/node/internal/util.mjs": "f7fe2e1ca5e66f550ad0856b9f5ee4d666f0c071fe212ea7fc7f37cfa81f97a5",
    "https://deno.land/std@0.175.0/node/internal/util/inspect.mjs": "11d7c9cab514b8e485acc3978c74b837263ff9c08ae4537fa18ad56bae633259",
    "https://deno.land/std@0.175.0/node/internal/util/types.ts": "4f3625ea39111eaae1443c834e769b0c5ce9ea33b31d5a853b02af6a78105178",
    "https://deno.land/std@0.175.0/node/internal/validators.mjs": "e02f2b02dd072a5d623970292588d541204dc82207b4c58985d933a5f4b382e6",
    "https://deno.land/std@0.175.0/node/internal_binding/_libuv_winerror.ts": "30c9569603d4b97a1f1a034d88a3f74800d5ea1f12fcc3d225c9899d4e1a518b",
    "https://deno.land/std@0.175.0/node/internal_binding/_listen.ts": "c6038be47116f7755c01fd98340a0d1e8e66ef874710ab59ed3f5607d50d7a25",
    "https://deno.land/std@0.175.0/node/internal_binding/_node.ts": "cb2389b0eab121df99853eb6a5e3a684e4537e065fb8bf2cca0cbf219ce4e32e",
    "https://deno.land/std@0.175.0/node/internal_binding/_timingSafeEqual.ts": "7d9732464d3c669ff07713868ce5d25bc974a06112edbfb5f017fc3c70c0853e",
    "https://deno.land/std@0.175.0/node/internal_binding/_utils.ts": "7c58a2fbb031a204dee9583ba211cf9c67922112fe77e7f0b3226112469e9fe1",
    "https://deno.land/std@0.175.0/node/internal_binding/_winerror.ts": "3e8cfdfe22e89f13d2b28529bab35155e6b1730c0221ec5a6fc7077dc037be13",
    "https://deno.land/std@0.175.0/node/internal_binding/ares.ts": "bdd34c679265a6c115a8cfdde000656837a0a0dcdb0e4c258e622e136e9c31b8",
    "https://deno.land/std@0.175.0/node/internal_binding/async_wrap.ts": "0dc5ae64eea2c9e57ab17887ef1573922245167ffe38e3685c28d636f487f1b7",
    "https://deno.land/std@0.175.0/node/internal_binding/buffer.ts": "31729e0537921d6c730ad0afea44a7e8a0a1044d070ade8368226cb6f7390c8b",
    "https://deno.land/std@0.175.0/node/internal_binding/cares_wrap.ts": "9b7247772167f8ed56acd0244a232d9d50e8d7c9cfc379f77f3d54cecc2f32ab",
    "https://deno.land/std@0.175.0/node/internal_binding/config.ts": "37d293009d1718205bf28e878e54a9f1ca24c1c320cee2416c20dc054104c6ea",
    "https://deno.land/std@0.175.0/node/internal_binding/connection_wrap.ts": "7dd089ea46de38e4992d0f43a09b586e4cf04878fb06863c1cb8cb2ece7da521",
    "https://deno.land/std@0.175.0/node/internal_binding/constants.ts": "21ff9d1ee71d0a2086541083a7711842fc6ae25e264dbf45c73815aadce06f4c",
    "https://deno.land/std@0.175.0/node/internal_binding/contextify.ts": "37d293009d1718205bf28e878e54a9f1ca24c1c320cee2416c20dc054104c6ea",
    "https://deno.land/std@0.175.0/node/internal_binding/credentials.ts": "37d293009d1718205bf28e878e54a9f1ca24c1c320cee2416c20dc054104c6ea",
    "https://deno.land/std@0.175.0/node/internal_binding/crypto.ts": "29e8f94f283a2e7d4229d3551369c6a40c2af9737fad948cb9be56bef6c468cd",
    "https://deno.land/std@0.175.0/node/internal_binding/errors.ts": "37d293009d1718205bf28e878e54a9f1ca24c1c320cee2416c20dc054104c6ea",
    "https://deno.land/std@0.175.0/node/internal_binding/fs.ts": "37d293009d1718205bf28e878e54a9f1ca24c1c320cee2416c20dc054104c6ea",
    "https://deno.land/std@0.175.0/node/internal_binding/fs_dir.ts": "37d293009d1718205bf28e878e54a9f1ca24c1c320cee2416c20dc054104c6ea",
    "https://deno.land/std@0.175.0/node/internal_binding/fs_event_wrap.ts": "37d293009d1718205bf28e878e54a9f1ca24c1c320cee2416c20dc054104c6ea",
    "https://deno.land/std@0.175.0/node/internal_binding/handle_wrap.ts": "adf0b8063da2c54f26edd5e8ec50296a4d38e42716a70a229f14654b17a071d9",
    "https://deno.land/std@0.175.0/node/internal_binding/heap_utils.ts": "37d293009d1718205bf28e878e54a9f1ca24c1c320cee2416c20dc054104c6ea",
    "https://deno.land/std@0.175.0/node/internal_binding/http_parser.ts": "37d293009d1718205bf28e878e54a9f1ca24c1c320cee2416c20dc054104c6ea",
    "https://deno.land/std@0.175.0/node/internal_binding/icu.ts": "37d293009d1718205bf28e878e54a9f1ca24c1c320cee2416c20dc054104c6ea",
    "https://deno.land/std@0.175.0/node/internal_binding/inspector.ts": "37d293009d1718205bf28e878e54a9f1ca24c1c320cee2416c20dc054104c6ea",
    "https://deno.land/std@0.175.0/node/internal_binding/js_stream.ts": "37d293009d1718205bf28e878e54a9f1ca24c1c320cee2416c20dc054104c6ea",
    "https://deno.land/std@0.175.0/node/internal_binding/messaging.ts": "37d293009d1718205bf28e878e54a9f1ca24c1c320cee2416c20dc054104c6ea",
    "https://deno.land/std@0.175.0/node/internal_binding/mod.ts": "9fc65f7af1d35e2d3557539a558ea9ad7a9954eefafe614ad82d94bddfe25845",
    "https://deno.land/std@0.175.0/node/internal_binding/module_wrap.ts": "37d293009d1718205bf28e878e54a9f1ca24c1c320cee2416c20dc054104c6ea",
    "https://deno.land/std@0.175.0/node/internal_binding/native_module.ts": "37d293009d1718205bf28e878e54a9f1ca24c1c320cee2416c20dc054104c6ea",
    "https://deno.land/std@0.175.0/node/internal_binding/natives.ts": "37d293009d1718205bf28e878e54a9f1ca24c1c320cee2416c20dc054104c6ea",
    "https://deno.land/std@0.175.0/node/internal_binding/node_file.ts": "21edbbc95653e45514aff252b6cae7bf127a4338cbc5f090557d258aa205d8a5",
    "https://deno.land/std@0.175.0/node/internal_binding/node_options.ts": "0b5cb0bf4379a39278d7b7bb6bb2c2751baf428fe437abe5ed3e8441fae1f18b",
    "https://deno.land/std@0.175.0/node/internal_binding/options.ts": "37d293009d1718205bf28e878e54a9f1ca24c1c320cee2416c20dc054104c6ea",
    "https://deno.land/std@0.175.0/node/internal_binding/os.ts": "37d293009d1718205bf28e878e54a9f1ca24c1c320cee2416c20dc054104c6ea",
    "https://deno.land/std@0.175.0/node/internal_binding/performance.ts": "37d293009d1718205bf28e878e54a9f1ca24c1c320cee2416c20dc054104c6ea",
    "https://deno.land/std@0.175.0/node/internal_binding/pipe_wrap.ts": "e5429879551fb7195039986fe6da920a86971fad4342046cbf653643e6c85e21",
    "https://deno.land/std@0.175.0/node/internal_binding/process_methods.ts": "37d293009d1718205bf28e878e54a9f1ca24c1c320cee2416c20dc054104c6ea",
    "https://deno.land/std@0.175.0/node/internal_binding/report.ts": "37d293009d1718205bf28e878e54a9f1ca24c1c320cee2416c20dc054104c6ea",
    "https://deno.land/std@0.175.0/node/internal_binding/serdes.ts": "37d293009d1718205bf28e878e54a9f1ca24c1c320cee2416c20dc054104c6ea",
    "https://deno.land/std@0.175.0/node/internal_binding/signal_wrap.ts": "37d293009d1718205bf28e878e54a9f1ca24c1c320cee2416c20dc054104c6ea",
    "https://deno.land/std@0.175.0/node/internal_binding/spawn_sync.ts": "37d293009d1718205bf28e878e54a9f1ca24c1c320cee2416c20dc054104c6ea",
    "https://deno.land/std@0.175.0/node/internal_binding/stream_wrap.ts": "452bff74d1db280a0cd78c75a95bb6d163e849e06e9638c4af405d40296bd050",
    "https://deno.land/std@0.175.0/node/internal_binding/string_decoder.ts": "54c3c1cbd5a9254881be58bf22637965dc69535483014dab60487e299cb95445",
    "https://deno.land/std@0.175.0/node/internal_binding/symbols.ts": "4dee2f3a400d711fd57fa3430b8de1fdb011e08e260b81fef5b81cc06ed77129",
    "https://deno.land/std@0.175.0/node/internal_binding/task_queue.ts": "37d293009d1718205bf28e878e54a9f1ca24c1c320cee2416c20dc054104c6ea",
    "https://deno.land/std@0.175.0/node/internal_binding/tcp_wrap.ts": "cbede7224fcf0adc4b04e2e1222488a7a9c137807f143bd32cc8b1a121e0d4fa",
    "https://deno.land/std@0.175.0/node/internal_binding/timers.ts": "37d293009d1718205bf28e878e54a9f1ca24c1c320cee2416c20dc054104c6ea",
    "https://deno.land/std@0.175.0/node/internal_binding/tls_wrap.ts": "37d293009d1718205bf28e878e54a9f1ca24c1c320cee2416c20dc054104c6ea",
    "https://deno.land/std@0.175.0/node/internal_binding/trace_events.ts": "37d293009d1718205bf28e878e54a9f1ca24c1c320cee2416c20dc054104c6ea",
    "https://deno.land/std@0.175.0/node/internal_binding/tty_wrap.ts": "37d293009d1718205bf28e878e54a9f1ca24c1c320cee2416c20dc054104c6ea",
    "https://deno.land/std@0.175.0/node/internal_binding/types.ts": "5a658bf08975af30d0fad6fa6247274379be26ba3f023425bec03e61c74083ef",
    "https://deno.land/std@0.175.0/node/internal_binding/udp_wrap.ts": "cc86f7e51bf56fd619505cf9d4f77d7aae1526abdf295399dd277162d28ca6c1",
    "https://deno.land/std@0.175.0/node/internal_binding/url.ts": "37d293009d1718205bf28e878e54a9f1ca24c1c320cee2416c20dc054104c6ea",
    "https://deno.land/std@0.175.0/node/internal_binding/util.ts": "808ff3b92740284184ab824adfc420e75398c88c8bccf5111f0c24ac18c48f10",
    "https://deno.land/std@0.175.0/node/internal_binding/uv.ts": "eb0048e30af4db407fb3f95563e30d70efd6187051c033713b0a5b768593a3a3",
    "https://deno.land/std@0.175.0/node/internal_binding/v8.ts": "37d293009d1718205bf28e878e54a9f1ca24c1c320cee2416c20dc054104c6ea",
    "https://deno.land/std@0.175.0/node/internal_binding/worker.ts": "37d293009d1718205bf28e878e54a9f1ca24c1c320cee2416c20dc054104c6ea",
    "https://deno.land/std@0.175.0/node/internal_binding/zlib.ts": "37d293009d1718205bf28e878e54a9f1ca24c1c320cee2416c20dc054104c6ea",
    "https://deno.land/std@0.175.0/node/process.ts": "6608012d6d51a17a7346f36079c574b9b9f81f1b5c35436489ad089f39757466",
    "https://deno.land/std@0.175.0/node/stream.ts": "09e348302af40dcc7dc58aa5e40fdff868d11d8d6b0cfb85cbb9c75b9fe450c7",
    "https://deno.land/std@0.175.0/node/string_decoder.ts": "1a17e3572037c512cc5fc4b29076613e90f225474362d18da908cb7e5ccb7e88",
    "https://deno.land/std@0.175.0/path/_constants.ts": "e49961f6f4f48039c0dfed3c3f93e963ca3d92791c9d478ac5b43183413136e0",
    "https://deno.land/std@0.175.0/path/_interface.ts": "6471159dfbbc357e03882c2266d21ef9afdb1e4aa771b0545e90db58a0ba314b",
    "https://deno.land/std@0.175.0/path/_util.ts": "d7abb1e0dea065f427b89156e28cdeb32b045870acdf865833ba808a73b576d0",
    "https://deno.land/std@0.175.0/path/common.ts": "ee7505ab01fd22de3963b64e46cff31f40de34f9f8de1fff6a1bd2fe79380000",
    "https://deno.land/std@0.175.0/path/glob.ts": "d479e0a695621c94d3fd7fe7abd4f9499caf32a8de13f25073451c6ef420a4e1",
    "https://deno.land/std@0.175.0/path/mod.ts": "4b83694ac500d7d31b0cdafc927080a53dc0c3027eb2895790fb155082b0d232",
    "https://deno.land/std@0.175.0/path/posix.ts": "8b7c67ac338714b30c816079303d0285dd24af6b284f7ad63da5b27372a2c94d",
    "https://deno.land/std@0.175.0/path/separator.ts": "0fb679739d0d1d7bf45b68dacfb4ec7563597a902edbaf3c59b50d5bcadd93b1",
    "https://deno.land/std@0.175.0/path/win32.ts": "d186344e5583bcbf8b18af416d13d82b35a317116e6460a5a3953508c3de5bba",
    "https://deno.land/std@0.175.0/streams/write_all.ts": "3b2e1ce44913f966348ce353d02fa5369e94115181037cd8b602510853ec3033",
    "https://deno.land/std@0.175.0/types.d.ts": "220ed56662a0bd393ba5d124aa6ae2ad36a00d2fcbc0e8666a65f4606aaa9784",
    "https://deno.land/x/cliffy@v0.25.7/_utils/distance.ts": "02af166952c7c358ac83beae397aa2fbca4ad630aecfcd38d92edb1ea429f004",
    "https://deno.land/x/cliffy@v0.25.7/command/_errors.ts": "a9bd23dc816b32ec96c9b8f3057218241778d8c40333b43341138191450965e5",
    "https://deno.land/x/cliffy@v0.25.7/command/_utils.ts": "9ab3d69fabab6c335b881b8a5229cbd5db0c68f630a1c307aff988b6396d9baf",
    "https://deno.land/x/cliffy@v0.25.7/command/command.ts": "a2b83c612acd65c69116f70dec872f6da383699b83874b70fcf38cddf790443f",
    "https://deno.land/x/cliffy@v0.25.7/command/deps.ts": "275b964ce173770bae65f6b8ebe9d2fd557dc10292cdd1ed3db1735f0d77fa1d",
    "https://deno.land/x/cliffy@v0.25.7/command/help/_help_generator.ts": "f7c349cb2ddb737e70dc1f89bcb1943ca9017a53506be0d4138e0aadb9970a49",
    "https://deno.land/x/cliffy@v0.25.7/command/type.ts": "24e88e3085e1574662b856ccce70d589959648817135d4469fab67b9cce1b364",
    "https://deno.land/x/cliffy@v0.25.7/command/types.ts": "ae02eec0ed7a769f7dba2dd5d3a931a61724b3021271b1b565cf189d9adfd4a0",
    "https://deno.land/x/cliffy@v0.25.7/command/types/boolean.ts": "3879ec16092b4b5b1a0acb8675f8c9250c0b8a972e1e4c7adfba8335bd2263ed",
    "https://deno.land/x/cliffy@v0.25.7/command/types/file.ts": "8618f16ac9015c8589cbd946b3de1988cc4899b90ea251f3325c93c46745140e",
    "https://deno.land/x/cliffy@v0.25.7/command/types/integer.ts": "29864725fd48738579d18123d7ee78fed37515e6dc62146c7544c98a82f1778d",
    "https://deno.land/x/cliffy@v0.25.7/command/types/number.ts": "aeba96e6f470309317a16b308c82e0e4138a830ec79c9877e4622c682012bc1f",
    "https://deno.land/x/cliffy@v0.25.7/command/types/string.ts": "e4dadb08a11795474871c7967beab954593813bb53d9f69ea5f9b734e43dc0e0",
    "https://deno.land/x/cliffy@v0.25.7/flags/_errors.ts": "f1fbb6bfa009e7950508c9d491cfb4a5551027d9f453389606adb3f2327d048f",
    "https://deno.land/x/cliffy@v0.25.7/flags/_utils.ts": "340d3ecab43cde9489187e1f176504d2c58485df6652d1cdd907c0e9c3ce4cc2",
    "https://deno.land/x/cliffy@v0.25.7/flags/_validate_flags.ts": "16eb5837986c6f6f7620817820161a78d66ce92d690e3697068726bbef067452",
    "https://deno.land/x/cliffy@v0.25.7/flags/deprecated.ts": "a72a35de3cc7314e5ebea605ca23d08385b218ef171c32a3f135fb4318b08126",
    "https://deno.land/x/cliffy@v0.25.7/flags/flags.ts": "68a9dfcacc4983a84c07ba19b66e5e9fccd04389fad215210c60fb414cc62576",
    "https://deno.land/x/cliffy@v0.25.7/flags/types.ts": "7452ea5296758fb7af89930349ce40d8eb9a43b24b3f5759283e1cb5113075fd",
    "https://deno.land/x/cliffy@v0.25.7/flags/types/boolean.ts": "4c026dd66ec9c5436860dc6d0241427bdb8d8e07337ad71b33c08193428a2236",
    "https://deno.land/x/cliffy@v0.25.7/flags/types/integer.ts": "b60d4d590f309ddddf066782d43e4dc3799f0e7d08e5ede7dc62a5ee94b9a6d9",
    "https://deno.land/x/cliffy@v0.25.7/flags/types/number.ts": "610936e2d29de7c8c304b65489a75ebae17b005c6122c24e791fbed12444d51e",
    "https://deno.land/x/cliffy@v0.25.7/flags/types/string.ts": "e89b6a5ce322f65a894edecdc48b44956ec246a1d881f03e97bbda90dd8638c5",
    "https://deno.land/x/cliffy@v0.25.7/table/border.ts": "2514abae4e4f51eda60a5f8c927ba24efd464a590027e900926b38f68e01253c",
    "https://deno.land/x/cliffy@v0.25.7/table/cell.ts": "1d787d8006ac8302020d18ec39f8d7f1113612c20801b973e3839de9c3f8b7b3",
    "https://deno.land/x/cliffy@v0.25.7/table/deps.ts": "5b05fa56c1a5e2af34f2103fd199e5f87f0507549963019563eae519271819d2",
    "https://deno.land/x/cliffy@v0.25.7/table/layout.ts": "46bf10ae5430cf4fbb92f23d588230e9c6336edbdb154e5c9581290562b169f4",
    "https://deno.land/x/cliffy@v0.25.7/table/row.ts": "5f519ba7488d2ef76cbbf50527f10f7957bfd668ce5b9169abbc44ec88302645",
    "https://deno.land/x/cliffy@v0.25.7/table/table.ts": "ec204c9d08bb3ff1939c5ac7412a4c9ed7d00925d4fc92aff9bfe07bd269258d",
    "https://deno.land/x/cliffy@v0.25.7/table/utils.ts": "187bb7dcbcfb16199a5d906113f584740901dfca1007400cba0df7dcd341bc29",
    "https://deno.land/x/commit@0.1.5/mod.ts": "e5e963be903fb43f0d148caa9cbbac9ba4ee78359fa350d999c25d4fd9a629f9",
    "https://deno.land/x/commit@0.1.5/parser.ts": "6fe6fd60b0080a60a4c9c6f43ab871fbbcc98063359ef523c70bc0dbc472a261",
    "https://deno.land/x/commit@0.1.5/regex.ts": "d1614c739773993ab113ee2847195e45097437377c3047fc750738a31b68711a",
    "https://deno.land/x/denopendabot@0.15.0/mod.ts": "093112da9194928ccd2bb0005939d814ad95779f306d502aa985c850221eeb8d",
    "https://deno.land/x/denopendabot@0.15.0/mod/common.ts": "28ebd2d05f961eae9d7aa7de0eedba1aa040e75a7a25ab69afc9dcd63898bab3",
    "https://deno.land/x/denopendabot@0.15.0/mod/env.ts": "431b9773a8cca8859b35e3d94542f7c337ac561e42aef85d79712b3b9b56f624",
    "https://deno.land/x/denopendabot@0.15.0/mod/module.ts": "c14745a642de068f6b16204527bb72332b17cadb4964436173c125e93e44c36a",
    "https://deno.land/x/denopendabot@0.15.0/mod/octokit.ts": "db2a69f661a7e07115eb044ad1aca7db38d6fb22eeefc7e7d4073b4c96c57a85",
    "https://deno.land/x/denopendabot@0.15.0/mod/repo.ts": "6b09e4d18f0d03432fa0723e81afaac8a5302d8e3298b7e536fef1d764608fa0",
    "https://deno.land/x/denopendabot@0.15.0/mod/version.ts": "e086b1f940a80f597808aa87f67719a5182871adab4d16ebfb04b99387532e08",
    "https://deno.land/x/ghlog@0.3.4/mod.ts": "9c5a96fea61554e576f444f045d660ae7e66fc8b2b744edbc19f30db0ed01ad2",
    "https://deno.land/x/ghlog@0.3.4/src/deps.ts": "87dbedde419562635318f620832a65b35cabc86b677cccde3432fc1062aff317",
    "https://deno.land/x/ghlog@0.3.4/src/main.ts": "fe4a37bf32ba0a5d85d03eabb3fa595fcb46841b8b03d03fc0873ba0abfe00bd",
    "https://deno.land/x/ghlog@0.3.4/src/utils.ts": "43c16e1698982c9769d6ad2beaa534cec448fb12b56a85704a703ceff28933f4",
    "https://deno.land/x/udd@0.8.2/registry.ts": "fd8e1b05f14cb988fee7a72a51e68131a920f7d4b72f949d9b86794b3c699671",
    "https://deno.land/x/udd@0.8.2/search.ts": "52f9a539ca76893c47d01f8c6d401487ea286d54d1305b079b8727598e4c847a",
    "https://esm.sh/@octokit/core@4.1.0": "fc4ab6fe2b4e9f221aa682dc9dcd7a342e0e3eb7ee4f71a92a172eb6cf61192e",
    "https://esm.sh/v106/@octokit/auth-token@3.0.3/deno/auth-token.js": "7824d15f234391e0c7711e110c302d8c3b33375a4fd8297900db4799febfb6c2",
    "https://esm.sh/v106/@octokit/core@4.1.0/deno/core.js": "d7220c5e318084f232b3c8e65fc60a9be8a4028637fb5e57b7a85a391e0844f1",
    "https://esm.sh/v106/@octokit/core@4.1.0/dist-types/index.d.ts": "7c5848d4e935e8f6f11c54d12d0e6d2a86581b78aae83e226635fd7fdab6dad3",
    "https://esm.sh/v106/@octokit/core@4.1.0/dist-types/types.d.ts": "7de716a5e6865a6aee8454f4c4cfab7d15c875e2a6adb83fcf24701e24b45bf0",
    "https://esm.sh/v106/@octokit/endpoint@7.0.5/deno/endpoint.js": "287ca91dfc529e71d6ee6e6ca6aca3a135823791db0e8c2c07b7c57996de3aa2",
    "https://esm.sh/v106/@octokit/graphql@5.0.5/deno/graphql.js": "facc6e2b9777c7a844257e14abf7c564fa482abf35e93f2c3da912bb5c0c53db",
    "https://esm.sh/v106/@octokit/graphql@5.0.5/dist-types/error.d.ts": "9f7c33fa6d4b7bdd8228bc415ea6841f1cbe9df1b6bfd5467e538b3f79b3fe08",
    "https://esm.sh/v106/@octokit/graphql@5.0.5/dist-types/index.d.ts": "5515490501dc4a26b483313418e002290159bcba3afacaa6046342e817d010d9",
    "https://esm.sh/v106/@octokit/graphql@5.0.5/dist-types/types.d.ts": "a4d44b964a4270c4ff73ebde48ae3a1ed00e5ce3a755d6bb983c65ad47c719e1",
    "https://esm.sh/v106/@octokit/openapi-types@16.0.0/types.d.ts": "c859e29794d07f7ec6f65b62aef9ce31255fbbd1c10e3f9c98295a923256dca3",
    "https://esm.sh/v106/@octokit/request-error@3.0.3/deno/request-error.js": "699a6da8061c17b9dc0d1f69dc60d8f6995f454b4cadbcc28caf918e44c04beb",
    "https://esm.sh/v106/@octokit/request-error@3.0.3/dist-types/index.d.ts": "560e27758ccd581a0509906c589147d290070b61b543de504a86af9bb1eb85fa",
    "https://esm.sh/v106/@octokit/request-error@3.0.3/dist-types/types.d.ts": "3ff30f25e1d4474204a7ea8ff1aac24a3b1655612115a7d48637620b7db5e448",
    "https://esm.sh/v106/@octokit/request@6.2.3/deno/request.js": "6fe0d48bb7f4acd123285e04c2aba48e985cb8784d04d24f0e95121b40163c0d",
    "https://esm.sh/v106/@octokit/request@6.2.3/dist-types/index.d.ts": "584da008521c4df7334e97fc2cd5f8fff0236f253ca0addc2318e0d0d88103dd",
    "https://esm.sh/v106/@octokit/types@9.0.0/dist-types/AuthInterface.d.ts": "8572de0d5253e0f22b693942c425e94324d5a2aede690d1003c799028edf3caa",
    "https://esm.sh/v106/@octokit/types@9.0.0/dist-types/EndpointDefaults.d.ts": "0fc3cbd588a1e646f828df024b73fd8de57073f7242ce7e1060f95f353eb4589",
    "https://esm.sh/v106/@octokit/types@9.0.0/dist-types/EndpointInterface.d.ts": "9dde10f9de2b477a9540ce6becfb1a7fef16150bada03e97544fe5fbcf6526cd",
    "https://esm.sh/v106/@octokit/types@9.0.0/dist-types/EndpointOptions.d.ts": "05b3308ffcd7bde83fa77d9f083db83d4e6518300b87364e90a41c8680f6374b",
    "https://esm.sh/v106/@octokit/types@9.0.0/dist-types/Fetch.d.ts": "45d8db9ee4ddbc94861cf9192b30305ba7d72aea6a593961b17e7152c5916bd0",
    "https://esm.sh/v106/@octokit/types@9.0.0/dist-types/GetResponseTypeFromEndpointMethod.d.ts": "a4c07340daf98bb36410874a47a9c6f8de19fa54b015505f173bffb802fd110a",
    "https://esm.sh/v106/@octokit/types@9.0.0/dist-types/OctokitResponse.d.ts": "b6b0a3224b2f697f4f1abfccfd9277816aa3d4f2550d49c57b67c1ed669c6bd4",
    "https://esm.sh/v106/@octokit/types@9.0.0/dist-types/RequestError.d.ts": "b6f2a56a96124f9d919e98532b4d0299d1c0798881bc30da196845d4f0d9a374",
    "https://esm.sh/v106/@octokit/types@9.0.0/dist-types/RequestHeaders.d.ts": "5da94e87e7ddce31c028d6b1211c5c4e9b5b82e5a4b5caeb6cf7c5d071d6e0f3",
    "https://esm.sh/v106/@octokit/types@9.0.0/dist-types/RequestInterface.d.ts": "2b618fa2944c1c017729621149f3f8367a9adf0cc80ea43f009d561be0462334",
    "https://esm.sh/v106/@octokit/types@9.0.0/dist-types/RequestMethod.d.ts": "1257ee54981d320653568ebc2bd84cf1ef6ccd42c6fb301a76b1faf87a54dbd5",
    "https://esm.sh/v106/@octokit/types@9.0.0/dist-types/RequestOptions.d.ts": "881419a9d62e2fbf7e501a9e270a424bcba5acd2deff2930e35183db7d9fb5a8",
    "https://esm.sh/v106/@octokit/types@9.0.0/dist-types/RequestParameters.d.ts": "fe888f68a5aff593bca2dec813837ddbd341790ca02b7c50058a3a2aec29df1a",
    "https://esm.sh/v106/@octokit/types@9.0.0/dist-types/RequestRequestOptions.d.ts": "f9d97bc9c69fcdfa999595fe4caa93ed967cd2e94358134880b35e18938a0639",
    "https://esm.sh/v106/@octokit/types@9.0.0/dist-types/ResponseHeaders.d.ts": "d51c97c7be9951d58cb068411a1bdc101b5e2c78639a2143c729d3dfdfd104b0",
    "https://esm.sh/v106/@octokit/types@9.0.0/dist-types/Route.d.ts": "5180a1a33602d0eb1ff18a8370eab0bc98f81060f4c64dcbbfab9d8db0075379",
    "https://esm.sh/v106/@octokit/types@9.0.0/dist-types/Signal.d.ts": "f96f8df3e47e27cab8159e91a4f35cab83ba8acc751731c64c23437f60a2bc83",
    "https://esm.sh/v106/@octokit/types@9.0.0/dist-types/StrategyInterface.d.ts": "5bd1f80c2ad3d97b86125fe945a1638f62a0039007520091a29bd9d2f4086381",
    "https://esm.sh/v106/@octokit/types@9.0.0/dist-types/Url.d.ts": "9ab0a0c34faa1a3dd97f2f3350be4ecf195d0e8a41b92e534f6d9c910557a2e6",
    "https://esm.sh/v106/@octokit/types@9.0.0/dist-types/VERSION.d.ts": "24de9abc33adbb1de5aa3e52107237e79eae6311b6905c0b5230991a65fcd9c2",
    "https://esm.sh/v106/@octokit/types@9.0.0/dist-types/generated/Endpoints.d.ts": "dacf8462231c6a3826a9e57b04892b451812d7bc97e5d3747d9ea4c26f71aeed",
    "https://esm.sh/v106/@octokit/types@9.0.0/dist-types/index.d.ts": "11b20e22a2ac28f91758c4615719da3200d65868c8c7fd2f83a0506dd03a95f2",
    "https://esm.sh/v106/before-after-hook@2.2.3/deno/before-after-hook.js": "7e94b26845577fae97c0a998afe57a30734b55bf2011537ff929bc5ed28b0c1a",
    "https://esm.sh/v106/before-after-hook@2.2.3/index.d.ts": "0726d18ac9cb69b989c60a9804b7b0f628b5bc95e5e8878a4cc5f5e7dad6ee65",
    "https://esm.sh/v106/deprecation@2.3.1/deno/deprecation.js": "9270027b475ad64b5bfdf9ecd674ce835002da3bf5135eff877c66f59461c387",
    "https://esm.sh/v106/is-plain-object@5.0.0/deno/is-plain-object.js": "5841b90029968c3f2e47a609b32c7d0d846d90edda43dadee012993404e596b2",
    "https://esm.sh/v106/node_fetch.js": "eb4be18bc6ed9f45aacb943cc12e2d9a7dff73537dc6155b96e8c7ab3f79b6ba",
    "https://esm.sh/v106/once@1.4.0/deno/once.js": "a439952be8b7ba76b9c6098ebbec0fc295bedec5cdd9db5eff68689010a5c000",
    "https://esm.sh/v106/universal-user-agent@6.0.0/deno/universal-user-agent.js": "2db7184e480d73d9bf89bc5cca914dd610491a1dcfca4d2c6c8e33d8378df52c",
    "https://esm.sh/v106/wrappy@1.0.2/deno/wrappy.js": "1bae2b23d6610b0706d63344a9c305a491f53d74c6d0cbef86d81cc01e90fed5"
  }
}
